
Microsoft Visual Studio Solution File, Format Version 12.00
# Visual Studio Version 17
VisualStudioVersion = 17.4.33213.308
MinimumVisualStudioVersion = 10.0.40219.1
Project("{FAE04EC0-301F-11D3-BF4B-00C04F79EFBC}") = "Project", "Project\Project.csproj", "{93B61BAA-920A-415E-AB73-DCFEE611DDC9}"
EndProject
Global
	GlobalSection(SolutionConfigurationPlatforms) = preSolution
		Debug|Any CPU = Debug|Any CPU
		Release|Any CPU = Release|Any CPU
	EndGlobalSection
	GlobalSection(ProjectConfigurationPlatforms) = postSolution
		{93B61BAA-920A-415E-AB73-DCFEE611DDC9}.Debug|Any CPU.ActiveCfg = Debug|Any CPU
		{93B61BAA-920A-415E-AB73-DCFEE611DDC9}.Debug|Any CPU.Build.0 = Debug|Any CPU
		{93B61BAA-920A-415E-AB73-DCFEE611DDC9}.Release|Any CPU.ActiveCfg = Release|Any CPU
		{93B61BAA-920A-415E-AB73-DCFEE611DDC9}.Release|Any CPU.Build.0 = Release|Any CPU
	EndGlobalSection
	GlobalSection(SolutionProperties) = preSolution
		HideSolutionNode = FALSE
	EndGlobalSection
	GlobalSection(ExtensibilityGlobals) = postSolution
		SolutionGuid = {380FDDF6-7D9E-4E87-BE59-B6D03FD2AB69}
	EndGlobalSection
EndGlobal
